
Microsoft Visual Studio Solution File, Format Version 12.00
# Visual Studio Version 17
VisualStudioVersion = 17.14.36705.20 d17.14
MinimumVisualStudioVersion = 10.0.40219.1
Project("{FAE04EC0-301F-11D3-BF4B-00C04F79EFBC}") = "nhahang", "nhahang\nhahang.csproj", "{73535FE3-035F-43E9-AB3A-A0DF07A6707B}"
EndProject
Global
	GlobalSection(SolutionConfigurationPlatforms) = preSolution
		Debug|Any CPU = Debug|Any CPU
		Release|Any CPU = Release|Any CPU
	EndGlobalSection
	GlobalSection(ProjectConfigurationPlatforms) = postSolution
		{73535FE3-035F-43E9-AB3A-A0DF07A6707B}.Debug|Any CPU.ActiveCfg = Debug|Any CPU
		{73535FE3-035F-43E9-AB3A-A0DF07A6707B}.Debug|Any CPU.Build.0 = Debug|Any CPU
		{73535FE3-035F-43E9-AB3A-A0DF07A6707B}.Release|Any CPU.ActiveCfg = Release|Any CPU
		{73535FE3-035F-43E9-AB3A-A0DF07A6707B}.Release|Any CPU.Build.0 = Release|Any CPU
	EndGlobalSection
	GlobalSection(SolutionProperties) = preSolution
		HideSolutionNode = FALSE
	EndGlobalSection
	GlobalSection(ExtensibilityGlobals) = postSolution
		SolutionGuid = {902FEEC1-2CE6-4F6C-829D-D70F40948824}
	EndGlobalSection
EndGlobal
